
Microsoft Visual Studio Solution File, Format Version 12.00
# Visual Studio Version 16
VisualStudioVersion = 16.0.30523.141
MinimumVisualStudioVersion = 10.0.40219.1
Project("{FAE04EC0-301F-11D3-BF4B-00C04F79EFBC}") = "netcdu", "netcdu\netcdu.csproj", "{653DE70F-2383-40E8-8124-078CF8BB26D0}"
EndProject
Global
	GlobalSection(SolutionConfigurationPlatforms) = preSolution
		Debug|Any CPU = Debug|Any CPU
		Release|Any CPU = Release|Any CPU
	EndGlobalSection
	GlobalSection(ProjectConfigurationPlatforms) = postSolution
		{653DE70F-2383-40E8-8124-078CF8BB26D0}.Debug|Any CPU.ActiveCfg = Debug|Any CPU
		{653DE70F-2383-40E8-8124-078CF8BB26D0}.Debug|Any CPU.Build.0 = Debug|Any CPU
		{653DE70F-2383-40E8-8124-078CF8BB26D0}.Release|Any CPU.ActiveCfg = Release|Any CPU
		{653DE70F-2383-40E8-8124-078CF8BB26D0}.Release|Any CPU.Build.0 = Release|Any CPU
	EndGlobalSection
	GlobalSection(SolutionProperties) = preSolution
		HideSolutionNode = FALSE
	EndGlobalSection
	GlobalSection(ExtensibilityGlobals) = postSolution
		SolutionGuid = {23357EBD-A30D-4FB3-84DA-D84DDC8C7EDC}
	EndGlobalSection
EndGlobal
